
Microsoft Visual Studio Solution File, Format Version 11.00
# Visual Studio 2010
Project("{FAE04EC0-301F-11D3-BF4B-00C04F79EFBC}") = "Unity-MVC", "Assembly-CSharp.csproj", "{0A2CC87D-0FFA-C903-DA91-2AC1FE77272C}"
EndProject
Project("{FAE04EC0-301F-11D3-BF4B-00C04F79EFBC}") = "Unity-MVC", "Assembly-CSharp-Editor.csproj", "{B24D1BC4-8BDF-9D50-E175-0C9CF4776570}"
EndProject
Global
	GlobalSection(SolutionConfigurationPlatforms) = preSolution
		Debug|Any CPU = Debug|Any CPU
		Release|Any CPU = Release|Any CPU
	EndGlobalSection
	GlobalSection(ProjectConfigurationPlatforms) = postSolution
		{0A2CC87D-0FFA-C903-DA91-2AC1FE77272C}.Debug|Any CPU.ActiveCfg = Debug|Any CPU
		{0A2CC87D-0FFA-C903-DA91-2AC1FE77272C}.Debug|Any CPU.Build.0 = Debug|Any CPU
		{0A2CC87D-0FFA-C903-DA91-2AC1FE77272C}.Release|Any CPU.ActiveCfg = Release|Any CPU
		{0A2CC87D-0FFA-C903-DA91-2AC1FE77272C}.Release|Any CPU.Build.0 = Release|Any CPU
		{B24D1BC4-8BDF-9D50-E175-0C9CF4776570}.Debug|Any CPU.ActiveCfg = Debug|Any CPU
		{B24D1BC4-8BDF-9D50-E175-0C9CF4776570}.Debug|Any CPU.Build.0 = Debug|Any CPU
		{B24D1BC4-8BDF-9D50-E175-0C9CF4776570}.Release|Any CPU.ActiveCfg = Release|Any CPU
		{B24D1BC4-8BDF-9D50-E175-0C9CF4776570}.Release|Any CPU.Build.0 = Release|Any CPU
	EndGlobalSection
	GlobalSection(SolutionProperties) = preSolution
		HideSolutionNode = FALSE
	EndGlobalSection
	GlobalSection(MonoDevelopProperties) = preSolution
		StartupItem = Assembly-CSharp.csproj
	EndGlobalSection
EndGlobal
